
Microsoft Visual Studio Solution File, Format Version 12.00
# Visual Studio Version 17
VisualStudioVersion = 17.2.32630.192
MinimumVisualStudioVersion = 10.0.40219.1
Project("{FAE04EC0-301F-11D3-BF4B-00C04F79EFBC}") = "ExamenIntra", "ExamenIntra\ExamenIntra.csproj", "{139D491A-4BA6-4E6B-B22D-2EFA92A151FD}"
EndProject
Global
	GlobalSection(SolutionConfigurationPlatforms) = preSolution
		Debug|Any CPU = Debug|Any CPU
		Release|Any CPU = Release|Any CPU
	EndGlobalSection
	GlobalSection(ProjectConfigurationPlatforms) = postSolution
		{139D491A-4BA6-4E6B-B22D-2EFA92A151FD}.Debug|Any CPU.ActiveCfg = Debug|Any CPU
		{139D491A-4BA6-4E6B-B22D-2EFA92A151FD}.Debug|Any CPU.Build.0 = Debug|Any CPU
		{139D491A-4BA6-4E6B-B22D-2EFA92A151FD}.Release|Any CPU.ActiveCfg = Release|Any CPU
		{139D491A-4BA6-4E6B-B22D-2EFA92A151FD}.Release|Any CPU.Build.0 = Release|Any CPU
	EndGlobalSection
	GlobalSection(SolutionProperties) = preSolution
		HideSolutionNode = FALSE
	EndGlobalSection
	GlobalSection(ExtensibilityGlobals) = postSolution
		SolutionGuid = {DA1333EE-ED5D-4155-A9E3-4AC77A816143}
	EndGlobalSection
EndGlobal
